
Microsoft Visual Studio Solution File, Format Version 11.00
# Visual Studio 2010
Project("{FAE04EC0-301F-11D3-BF4B-00C04F79EFBC}") = "Assembly-CSharp", "Assembly-CSharp.csproj", "{96570282-77f4-945d-fd76-70b503445b0a}"
EndProject
Project("{FAE04EC0-301F-11D3-BF4B-00C04F79EFBC}") = "Assembly-CSharp-firstpass", "Assembly-CSharp-firstpass.csproj", "{88c2f53b-c666-2e76-b381-198936ca6ad1}"
EndProject
Project("{FAE04EC0-301F-11D3-BF4B-00C04F79EFBC}") = "Assembly-CSharp-Editor-firstpass", "Assembly-CSharp-Editor-firstpass.csproj", "{387f399b-d473-8665-c2f7-940c4439ddb9}"
EndProject
Project("{FAE04EC0-301F-11D3-BF4B-00C04F79EFBC}") = "Assembly-CSharp-Editor", "Assembly-CSharp-Editor.csproj", "{c88b72cb-138b-90c3-581b-dacf58030784}"
EndProject
Global
	GlobalSection(SolutionConfigurationPlatforms) = preSolution
		Debug|Any CPU = Debug|Any CPU
	EndGlobalSection
	GlobalSection(ProjectConfigurationPlatforms) = postSolution
		{96570282-77f4-945d-fd76-70b503445b0a}.Debug|Any CPU.ActiveCfg = Debug|Any CPU
		{96570282-77f4-945d-fd76-70b503445b0a}.Debug|Any CPU.Build.0 = Debug|Any CPU
		{88c2f53b-c666-2e76-b381-198936ca6ad1}.Debug|Any CPU.ActiveCfg = Debug|Any CPU
		{88c2f53b-c666-2e76-b381-198936ca6ad1}.Debug|Any CPU.Build.0 = Debug|Any CPU
		{387f399b-d473-8665-c2f7-940c4439ddb9}.Debug|Any CPU.ActiveCfg = Debug|Any CPU
		{387f399b-d473-8665-c2f7-940c4439ddb9}.Debug|Any CPU.Build.0 = Debug|Any CPU
		{c88b72cb-138b-90c3-581b-dacf58030784}.Debug|Any CPU.ActiveCfg = Debug|Any CPU
		{c88b72cb-138b-90c3-581b-dacf58030784}.Debug|Any CPU.Build.0 = Debug|Any CPU
	EndGlobalSection
	GlobalSection(SolutionProperties) = preSolution
		HideSolutionNode = FALSE
	EndGlobalSection
EndGlobal
